
Microsoft Visual Studio Solution File, Format Version 12.00
# Visual Studio Version 17
VisualStudioVersion = 17.9.34622.214
MinimumVisualStudioVersion = 10.0.40219.1
Project("{FAE04EC0-301F-11D3-BF4B-00C04F79EFBC}") = "REstate1", "REstate1\REstate1.csproj", "{A26B846C-F11A-4952-AC2E-5B403F6C7A03}"
EndProject
Global
	GlobalSection(SolutionConfigurationPlatforms) = preSolution
		Debug|Any CPU = Debug|Any CPU
		Release|Any CPU = Release|Any CPU
	EndGlobalSection
	GlobalSection(ProjectConfigurationPlatforms) = postSolution
		{A26B846C-F11A-4952-AC2E-5B403F6C7A03}.Debug|Any CPU.ActiveCfg = Debug|Any CPU
		{A26B846C-F11A-4952-AC2E-5B403F6C7A03}.Debug|Any CPU.Build.0 = Debug|Any CPU
		{A26B846C-F11A-4952-AC2E-5B403F6C7A03}.Release|Any CPU.ActiveCfg = Release|Any CPU
		{A26B846C-F11A-4952-AC2E-5B403F6C7A03}.Release|Any CPU.Build.0 = Release|Any CPU
	EndGlobalSection
	GlobalSection(SolutionProperties) = preSolution
		HideSolutionNode = FALSE
	EndGlobalSection
	GlobalSection(ExtensibilityGlobals) = postSolution
		SolutionGuid = {9349828F-EBAC-42C6-9176-867393C8584C}
	EndGlobalSection
EndGlobal
